
Microsoft Visual Studio Solution File, Format Version 12.00
# Visual Studio 15
VisualStudioVersion = 15.0.27130.2036
MinimumVisualStudioVersion = 10.0.40219.1
Project("{9A19103F-16F7-4668-BE54-9A1E7A4F7556}") = "netcore.webapi", "netcore.webapi.csproj", "{7A70103F-0574-4D80-8162-84E8CA2744DE}"
EndProject
Global
	GlobalSection(SolutionConfigurationPlatforms) = preSolution
		Debug|Any CPU = Debug|Any CPU
		Release|Any CPU = Release|Any CPU
	EndGlobalSection
	GlobalSection(ProjectConfigurationPlatforms) = postSolution
		{7A70103F-0574-4D80-8162-84E8CA2744DE}.Debug|Any CPU.ActiveCfg = Debug|Any CPU
		{7A70103F-0574-4D80-8162-84E8CA2744DE}.Debug|Any CPU.Build.0 = Debug|Any CPU
		{7A70103F-0574-4D80-8162-84E8CA2744DE}.Release|Any CPU.ActiveCfg = Release|Any CPU
		{7A70103F-0574-4D80-8162-84E8CA2744DE}.Release|Any CPU.Build.0 = Release|Any CPU
	EndGlobalSection
	GlobalSection(SolutionProperties) = preSolution
		HideSolutionNode = FALSE
	EndGlobalSection
	GlobalSection(ExtensibilityGlobals) = postSolution
		SolutionGuid = {5A73895A-25B6-4109-B815-62C5212A810B}
	EndGlobalSection
EndGlobal
